
Microsoft Visual Studio Solution File, Format Version 12.00
# Visual Studio Version 17
VisualStudioVersion = 17.9.34622.214
MinimumVisualStudioVersion = 10.0.40219.1
Project("{FAE04EC0-301F-11D3-BF4B-00C04F79EFBC}") = "WebApi", "WebApi.csproj", "{A808AC2E-094A-49DE-BF07-7C7AF30E6DE5}"
EndProject
Project("{FAE04EC0-301F-11D3-BF4B-00C04F79EFBC}") = "Business", "..\Business\Business.csproj", "{FB422FAB-3B80-43AD-8C9F-B9C44F82A1B9}"
EndProject
Project("{FAE04EC0-301F-11D3-BF4B-00C04F79EFBC}") = "DataAccess", "..\DataAccess\DataAccess.csproj", "{66CBE89D-E215-47AC-AC3B-8E4083B3124C}"
EndProject
Project("{FAE04EC0-301F-11D3-BF4B-00C04F79EFBC}") = "Entities", "..\Entities\Entities.csproj", "{5F6C9091-4A61-4505-B01B-121F5ABDE4B0}"
EndProject
Project("{FAE04EC0-301F-11D3-BF4B-00C04F79EFBC}") = "Core", "..\Core\Core.csproj", "{C1BA5C65-615A-4C56-9CCE-33A51E3D3D56}"
EndProject
Global
	GlobalSection(SolutionConfigurationPlatforms) = preSolution
		Debug|Any CPU = Debug|Any CPU
		Release|Any CPU = Release|Any CPU
	EndGlobalSection
	GlobalSection(ProjectConfigurationPlatforms) = postSolution
		{A808AC2E-094A-49DE-BF07-7C7AF30E6DE5}.Debug|Any CPU.ActiveCfg = Debug|Any CPU
		{A808AC2E-094A-49DE-BF07-7C7AF30E6DE5}.Debug|Any CPU.Build.0 = Debug|Any CPU
		{A808AC2E-094A-49DE-BF07-7C7AF30E6DE5}.Release|Any CPU.ActiveCfg = Release|Any CPU
		{A808AC2E-094A-49DE-BF07-7C7AF30E6DE5}.Release|Any CPU.Build.0 = Release|Any CPU
		{FB422FAB-3B80-43AD-8C9F-B9C44F82A1B9}.Debug|Any CPU.ActiveCfg = Debug|Any CPU
		{FB422FAB-3B80-43AD-8C9F-B9C44F82A1B9}.Debug|Any CPU.Build.0 = Debug|Any CPU
		{FB422FAB-3B80-43AD-8C9F-B9C44F82A1B9}.Release|Any CPU.ActiveCfg = Release|Any CPU
		{FB422FAB-3B80-43AD-8C9F-B9C44F82A1B9}.Release|Any CPU.Build.0 = Release|Any CPU
		{66CBE89D-E215-47AC-AC3B-8E4083B3124C}.Debug|Any CPU.ActiveCfg = Debug|Any CPU
		{66CBE89D-E215-47AC-AC3B-8E4083B3124C}.Debug|Any CPU.Build.0 = Debug|Any CPU
		{66CBE89D-E215-47AC-AC3B-8E4083B3124C}.Release|Any CPU.ActiveCfg = Release|Any CPU
		{66CBE89D-E215-47AC-AC3B-8E4083B3124C}.Release|Any CPU.Build.0 = Release|Any CPU
		{5F6C9091-4A61-4505-B01B-121F5ABDE4B0}.Debug|Any CPU.ActiveCfg = Debug|Any CPU
		{5F6C9091-4A61-4505-B01B-121F5ABDE4B0}.Debug|Any CPU.Build.0 = Debug|Any CPU
		{5F6C9091-4A61-4505-B01B-121F5ABDE4B0}.Release|Any CPU.ActiveCfg = Release|Any CPU
		{5F6C9091-4A61-4505-B01B-121F5ABDE4B0}.Release|Any CPU.Build.0 = Release|Any CPU
		{C1BA5C65-615A-4C56-9CCE-33A51E3D3D56}.Debug|Any CPU.ActiveCfg = Debug|Any CPU
		{C1BA5C65-615A-4C56-9CCE-33A51E3D3D56}.Debug|Any CPU.Build.0 = Debug|Any CPU
		{C1BA5C65-615A-4C56-9CCE-33A51E3D3D56}.Release|Any CPU.ActiveCfg = Release|Any CPU
		{C1BA5C65-615A-4C56-9CCE-33A51E3D3D56}.Release|Any CPU.Build.0 = Release|Any CPU
	EndGlobalSection
	GlobalSection(SolutionProperties) = preSolution
		HideSolutionNode = FALSE
	EndGlobalSection
	GlobalSection(ExtensibilityGlobals) = postSolution
		SolutionGuid = {9DB6F200-23C1-4C9B-B5DC-5796CAF74FAA}
	EndGlobalSection
EndGlobal
